// !$*UTF8*$!
{
	archiveVersion = 1;
	classes = {
	};
	objectVersion = 56;
	objects = {

/* Begin PBXBuildFile section */
		EC080A312AC6B80800C8D7EE /* HomeScreen.swift in Sources */ = {isa = PBXBuildFile; fileRef = EC080A302AC6B80800C8D7EE /* HomeScreen.swift */; };
		EC080A332AC6B80F00C8D7EE /* HomeViewModel.swift in Sources */ = {isa = PBXBuildFile; fileRef = EC080A322AC6B80F00C8D7EE /* HomeViewModel.swift */; };
		EC080A352AC6B82C00C8D7EE /* Observable.swift in Sources */ = {isa = PBXBuildFile; fileRef = EC080A342AC6B82C00C8D7EE /* Observable.swift */; };
		EC080A382AC6D24900C8D7EE /* SnapKit in Frameworks */ = {isa = PBXBuildFile; productRef = EC080A372AC6D24900C8D7EE /* SnapKit */; };
		EC080A3B2AC70FFD00C8D7EE /* ProductsVC.swift in Sources */ = {isa = PBXBuildFile; fileRef = EC080A3A2AC70FFD00C8D7EE /* ProductsVC.swift */; };
		EC080A3D2AC7101400C8D7EE /* ProductsViewModel.swift in Sources */ = {isa = PBXBuildFile; fileRef = EC080A3C2AC7101400C8D7EE /* ProductsViewModel.swift */; };
		EC080A3F2AC75FF600C8D7EE /* ProductDetailVC.swift in Sources */ = {isa = PBXBuildFile; fileRef = EC080A3E2AC75FF600C8D7EE /* ProductDetailVC.swift */; };
		ECA919FF2AC3375500AA4F42 /* AppDelegate.swift in Sources */ = {isa = PBXBuildFile; fileRef = ECA919FE2AC3375500AA4F42 /* AppDelegate.swift */; };
		ECA91A012AC3375500AA4F42 /* SceneDelegate.swift in Sources */ = {isa = PBXBuildFile; fileRef = ECA91A002AC3375500AA4F42 /* SceneDelegate.swift */; };
		ECA91A082AC3375700AA4F42 /* Assets.xcassets in Resources */ = {isa = PBXBuildFile; fileRef = ECA91A072AC3375700AA4F42 /* Assets.xcassets */; };
		ECA91A0B2AC3375700AA4F42 /* LaunchScreen.storyboard in Resources */ = {isa = PBXBuildFile; fileRef = ECA91A092AC3375700AA4F42 /* LaunchScreen.storyboard */; };
		ECA91A152AC36C3C00AA4F42 /* UILabel+Ext.swift in Sources */ = {isa = PBXBuildFile; fileRef = ECA91A142AC36C3C00AA4F42 /* UILabel+Ext.swift */; };
		ECA91A172AC36D2C00AA4F42 /* String+Ext.swift in Sources */ = {isa = PBXBuildFile; fileRef = ECA91A162AC36D2C00AA4F42 /* String+Ext.swift */; };
		ECA91A1A2AC36E2A00AA4F42 /* Category.swift in Sources */ = {isa = PBXBuildFile; fileRef = ECA91A192AC36E2A00AA4F42 /* Category.swift */; };
		ECA91A1C2AC36E8800AA4F42 /* Product.swift in Sources */ = {isa = PBXBuildFile; fileRef = ECA91A1B2AC36E8800AA4F42 /* Product.swift */; };
		ECA91A1F2AC36F8100AA4F42 /* NetworkManager.swift in Sources */ = {isa = PBXBuildFile; fileRef = ECA91A1E2AC36F8100AA4F42 /* NetworkManager.swift */; };
		ECA91A212AC3706100AA4F42 /* CustomError.swift in Sources */ = {isa = PBXBuildFile; fileRef = ECA91A202AC3706100AA4F42 /* CustomError.swift */; };
		ECA91A232AC3713600AA4F42 /* APIUrls.swift in Sources */ = {isa = PBXBuildFile; fileRef = ECA91A222AC3713600AA4F42 /* APIUrls.swift */; };
		ECA91A252AC3717300AA4F42 /* UIHelper.swift in Sources */ = {isa = PBXBuildFile; fileRef = ECA91A242AC3717300AA4F42 /* UIHelper.swift */; };
		ECA91A282AC4062100AA4F42 /* CategoryService.swift in Sources */ = {isa = PBXBuildFile; fileRef = ECA91A272AC4062100AA4F42 /* CategoryService.swift */; };
		ECA91A2A2AC40B0800AA4F42 /* ProductService.swift in Sources */ = {isa = PBXBuildFile; fileRef = ECA91A292AC40B0800AA4F42 /* ProductService.swift */; };
		ECA91A2F2AC4114C00AA4F42 /* TabBarController.swift in Sources */ = {isa = PBXBuildFile; fileRef = ECA91A2E2AC4114C00AA4F42 /* TabBarController.swift */; };
		ECA91A322AC411D000AA4F42 /* DataLoadingVC.swift in Sources */ = {isa = PBXBuildFile; fileRef = ECA91A312AC411D000AA4F42 /* DataLoadingVC.swift */; };
		ECA91A382AC413EB00AA4F42 /* CategoryCell.swift in Sources */ = {isa = PBXBuildFile; fileRef = ECA91A372AC413EB00AA4F42 /* CategoryCell.swift */; };
		ECA91A3B2AC4271300AA4F42 /* FCImageView.swift in Sources */ = {isa = PBXBuildFile; fileRef = ECA91A3A2AC4271300AA4F42 /* FCImageView.swift */; };
		ECA91A3D2AC427E000AA4F42 /* CacheManager.swift in Sources */ = {isa = PBXBuildFile; fileRef = ECA91A3C2AC427E000AA4F42 /* CacheManager.swift */; };
		ECA91A3F2AC442A500AA4F42 /* ProductCell.swift in Sources */ = {isa = PBXBuildFile; fileRef = ECA91A3E2AC442A500AA4F42 /* ProductCell.swift */; };
		ECA91A442AC4C28000AA4F42 /* CardCell.swift in Sources */ = {isa = PBXBuildFile; fileRef = ECA91A432AC4C28000AA4F42 /* CardCell.swift */; };
		ECA91A472AC58DBF00AA4F42 /* CategoriesView.swift in Sources */ = {isa = PBXBuildFile; fileRef = ECA91A462AC58DBF00AA4F42 /* CategoriesView.swift */; };
		ECA91A492AC5A43200AA4F42 /* AttributeView.swift in Sources */ = {isa = PBXBuildFile; fileRef = ECA91A482AC5A43200AA4F42 /* AttributeView.swift */; };
		ECA91A4B2AC5A44F00AA4F42 /* AddCardView.swift in Sources */ = {isa = PBXBuildFile; fileRef = ECA91A4A2AC5A44F00AA4F42 /* AddCardView.swift */; };
		ECA91A4D2AC5A46700AA4F42 /* EmptyStateView.swift in Sources */ = {isa = PBXBuildFile; fileRef = ECA91A4C2AC5A46700AA4F42 /* EmptyStateView.swift */; };
		ECA91A4F2AC5A48D00AA4F42 /* CardConfirmView.swift in Sources */ = {isa = PBXBuildFile; fileRef = ECA91A4E2AC5A48D00AA4F42 /* CardConfirmView.swift */; };
/* End PBXBuildFile section */

/* Begin PBXFileReference section */
		EC080A302AC6B80800C8D7EE /* HomeScreen.swift */ = {isa = PBXFileReference; lastKnownFileType = sourcecode.swift; path = HomeScreen.swift; sourceTree = "<group>"; };
		EC080A322AC6B80F00C8D7EE /* HomeViewModel.swift */ = {isa = PBXFileReference; lastKnownFileType = sourcecode.swift; path = HomeViewModel.swift; sourceTree = "<group>"; };
		EC080A342AC6B82C00C8D7EE /* Observable.swift */ = {isa = PBXFileReference; lastKnownFileType = sourcecode.swift; path = Observable.swift; sourceTree = "<group>"; };
		EC080A3A2AC70FFD00C8D7EE /* ProductsVC.swift */ = {isa = PBXFileReference; lastKnownFileType = sourcecode.swift; path = ProductsVC.swift; sourceTree = "<group>"; };
		EC080A3C2AC7101400C8D7EE /* ProductsViewModel.swift */ = {isa = PBXFileReference; lastKnownFileType = sourcecode.swift; path = ProductsViewModel.swift; sourceTree = "<group>"; };
		EC080A3E2AC75FF600C8D7EE /* ProductDetailVC.swift */ = {isa = PBXFileReference; lastKnownFileType = sourcecode.swift; path = ProductDetailVC.swift; sourceTree = "<group>"; };
		ECA919FB2AC3375500AA4F42 /* FoodApp.app */ = {isa = PBXFileReference; explicitFileType = wrapper.application; includeInIndex = 0; path = FoodApp.app; sourceTree = BUILT_PRODUCTS_DIR; };
		ECA919FE2AC3375500AA4F42 /* AppDelegate.swift */ = {isa = PBXFileReference; lastKnownFileType = sourcecode.swift; path = AppDelegate.swift; sourceTree = "<group>"; };
		ECA91A002AC3375500AA4F42 /* SceneDelegate.swift */ = {isa = PBXFileReference; lastKnownFileType = sourcecode.swift; path = SceneDelegate.swift; sourceTree = "<group>"; };
		ECA91A072AC3375700AA4F42 /* Assets.xcassets */ = {isa = PBXFileReference; lastKnownFileType = folder.assetcatalog; path = Assets.xcassets; sourceTree = "<group>"; };
		ECA91A0A2AC3375700AA4F42 /* Base */ = {isa = PBXFileReference; lastKnownFileType = file.storyboard; name = Base; path = Base.lproj/LaunchScreen.storyboard; sourceTree = "<group>"; };
		ECA91A0C2AC3375700AA4F42 /* Info.plist */ = {isa = PBXFileReference; lastKnownFileType = text.plist.xml; path = Info.plist; sourceTree = "<group>"; };
		ECA91A142AC36C3C00AA4F42 /* UILabel+Ext.swift */ = {isa = PBXFileReference; lastKnownFileType = sourcecode.swift; path = "UILabel+Ext.swift"; sourceTree = "<group>"; };
		ECA91A162AC36D2C00AA4F42 /* String+Ext.swift */ = {isa = PBXFileReference; lastKnownFileType = sourcecode.swift; path = "String+Ext.swift"; sourceTree = "<group>"; };
		ECA91A192AC36E2A00AA4F42 /* Category.swift */ = {isa = PBXFileReference; lastKnownFileType = sourcecode.swift; path = Category.swift; sourceTree = "<group>"; };
		ECA91A1B2AC36E8800AA4F42 /* Product.swift */ = {isa = PBXFileReference; lastKnownFileType = sourcecode.swift; path = Product.swift; sourceTree = "<group>"; };
		ECA91A1E2AC36F8100AA4F42 /* NetworkManager.swift */ = {isa = PBXFileReference; lastKnownFileType = sourcecode.swift; path = NetworkManager.swift; sourceTree = "<group>"; };
		ECA91A202AC3706100AA4F42 /* CustomError.swift */ = {isa = PBXFileReference; lastKnownFileType = sourcecode.swift; path = CustomError.swift; sourceTree = "<group>"; };
		ECA91A222AC3713600AA4F42 /* APIUrls.swift */ = {isa = PBXFileReference; lastKnownFileType = sourcecode.swift; path = APIUrls.swift; sourceTree = "<group>"; };
		ECA91A242AC3717300AA4F42 /* UIHelper.swift */ = {isa = PBXFileReference; lastKnownFileType = sourcecode.swift; path = UIHelper.swift; sourceTree = "<group>"; };
		ECA91A272AC4062100AA4F42 /* CategoryService.swift */ = {isa = PBXFileReference; lastKnownFileType = sourcecode.swift; path = CategoryService.swift; sourceTree = "<group>"; };
		ECA91A292AC40B0800AA4F42 /* ProductService.swift */ = {isa = PBXFileReference; lastKnownFileType = sourcecode.swift; path = ProductService.swift; sourceTree = "<group>"; };
		ECA91A2E2AC4114C00AA4F42 /* TabBarController.swift */ = {isa = PBXFileReference; lastKnownFileType = sourcecode.swift; path = TabBarController.swift; sourceTree = "<group>"; };
		ECA91A312AC411D000AA4F42 /* DataLoadingVC.swift */ = {isa = PBXFileReference; lastKnownFileType = sourcecode.swift; path = DataLoadingVC.swift; sourceTree = "<group>"; };
		ECA91A372AC413EB00AA4F42 /* CategoryCell.swift */ = {isa = PBXFileReference; lastKnownFileType = sourcecode.swift; path = CategoryCell.swift; sourceTree = "<group>"; };
		ECA91A3A2AC4271300AA4F42 /* FCImageView.swift */ = {isa = PBXFileReference; lastKnownFileType = sourcecode.swift; path = FCImageView.swift; sourceTree = "<group>"; };
		ECA91A3C2AC427E000AA4F42 /* CacheManager.swift */ = {isa = PBXFileReference; lastKnownFileType = sourcecode.swift; path = CacheManager.swift; sourceTree = "<group>"; };
		ECA91A3E2AC442A500AA4F42 /* ProductCell.swift */ = {isa = PBXFileReference; lastKnownFileType = sourcecode.swift; path = ProductCell.swift; sourceTree = "<group>"; };
		ECA91A432AC4C28000AA4F42 /* CardCell.swift */ = {isa = PBXFileReference; lastKnownFileType = sourcecode.swift; path = CardCell.swift; sourceTree = "<group>"; };
		ECA91A462AC58DBF00AA4F42 /* CategoriesView.swift */ = {isa = PBXFileReference; lastKnownFileType = sourcecode.swift; path = CategoriesView.swift; sourceTree = "<group>"; };
		ECA91A482AC5A43200AA4F42 /* AttributeView.swift */ = {isa = PBXFileReference; lastKnownFileType = sourcecode.swift; path = AttributeView.swift; sourceTree = "<group>"; };
		ECA91A4A2AC5A44F00AA4F42 /* AddCardView.swift */ = {isa = PBXFileReference; lastKnownFileType = sourcecode.swift; path = AddCardView.swift; sourceTree = "<group>"; };
		ECA91A4C2AC5A46700AA4F42 /* EmptyStateView.swift */ = {isa = PBXFileReference; lastKnownFileType = sourcecode.swift; path = EmptyStateView.swift; sourceTree = "<group>"; };
		ECA91A4E2AC5A48D00AA4F42 /* CardConfirmView.swift */ = {isa = PBXFileReference; lastKnownFileType = sourcecode.swift; path = CardConfirmView.swift; sourceTree = "<group>"; };
/* End PBXFileReference section */

/* Begin PBXFrameworksBuildPhase section */
		ECA919F82AC3375500AA4F42 /* Frameworks */ = {
			isa = PBXFrameworksBuildPhase;
			buildActionMask = 2147483647;
			files = (
				EC080A382AC6D24900C8D7EE /* SnapKit in Frameworks */,
			);
			runOnlyForDeploymentPostprocessing = 0;
		};
/* End PBXFrameworksBuildPhase section */

/* Begin PBXGroup section */
		EC080A2E2AC6B7E300C8D7EE /* CardScreen */ = {
			isa = PBXGroup;
			children = (
			);
			path = CardScreen;
			sourceTree = "<group>";
		};
		EC080A2F2AC6B7E900C8D7EE /* HomeScreen */ = {
			isa = PBXGroup;
			children = (
				EC080A302AC6B80800C8D7EE /* HomeScreen.swift */,
				EC080A322AC6B80F00C8D7EE /* HomeViewModel.swift */,
			);
			path = HomeScreen;
			sourceTree = "<group>";
		};
		EC080A392AC70F9C00C8D7EE /* Products */ = {
			isa = PBXGroup;
			children = (
				EC080A3A2AC70FFD00C8D7EE /* ProductsVC.swift */,
				EC080A3C2AC7101400C8D7EE /* ProductsViewModel.swift */,
				EC080A3E2AC75FF600C8D7EE /* ProductDetailVC.swift */,
			);
			path = Products;
			sourceTree = "<group>";
		};
		ECA919F22AC3375500AA4F42 = {
			isa = PBXGroup;
			children = (
				ECA919FD2AC3375500AA4F42 /* FoodApp */,
				ECA919FC2AC3375500AA4F42 /* Products */,
			);
			sourceTree = "<group>";
		};
		ECA919FC2AC3375500AA4F42 /* Products */ = {
			isa = PBXGroup;
			children = (
				ECA919FB2AC3375500AA4F42 /* FoodApp.app */,
			);
			name = Products;
			sourceTree = "<group>";
		};
		ECA919FD2AC3375500AA4F42 /* FoodApp */ = {
			isa = PBXGroup;
			children = (
				ECA91A122AC36AC000AA4F42 /* Support */,
				ECA91A132AC36C2800AA4F42 /* Extensions */,
				ECA91A182AC36DC800AA4F42 /* Models */,
				ECA91A1D2AC36F6800AA4F42 /* Utils */,
				ECA91A262AC4060900AA4F42 /* Service */,
				ECA91A2B2AC4110000AA4F42 /* Core */,
			);
			path = FoodApp;
			sourceTree = "<group>";
		};
		ECA91A122AC36AC000AA4F42 /* Support */ = {
			isa = PBXGroup;
			children = (
				ECA919FE2AC3375500AA4F42 /* AppDelegate.swift */,
				ECA91A002AC3375500AA4F42 /* SceneDelegate.swift */,
				ECA91A072AC3375700AA4F42 /* Assets.xcassets */,
				ECA91A092AC3375700AA4F42 /* LaunchScreen.storyboard */,
				ECA91A0C2AC3375700AA4F42 /* Info.plist */,
			);
			path = Support;
			sourceTree = "<group>";
		};
		ECA91A132AC36C2800AA4F42 /* Extensions */ = {
			isa = PBXGroup;
			children = (
				ECA91A142AC36C3C00AA4F42 /* UILabel+Ext.swift */,
				ECA91A162AC36D2C00AA4F42 /* String+Ext.swift */,
			);
			path = Extensions;
			sourceTree = "<group>";
		};
		ECA91A182AC36DC800AA4F42 /* Models */ = {
			isa = PBXGroup;
			children = (
				ECA91A192AC36E2A00AA4F42 /* Category.swift */,
				ECA91A1B2AC36E8800AA4F42 /* Product.swift */,
			);
			path = Models;
			sourceTree = "<group>";
		};
		ECA91A1D2AC36F6800AA4F42 /* Utils */ = {
			isa = PBXGroup;
			children = (
				ECA91A1E2AC36F8100AA4F42 /* NetworkManager.swift */,
				ECA91A202AC3706100AA4F42 /* CustomError.swift */,
				ECA91A222AC3713600AA4F42 /* APIUrls.swift */,
				ECA91A242AC3717300AA4F42 /* UIHelper.swift */,
				ECA91A3C2AC427E000AA4F42 /* CacheManager.swift */,
				EC080A342AC6B82C00C8D7EE /* Observable.swift */,
			);
			path = Utils;
			sourceTree = "<group>";
		};
		ECA91A262AC4060900AA4F42 /* Service */ = {
			isa = PBXGroup;
			children = (
				ECA91A272AC4062100AA4F42 /* CategoryService.swift */,
				ECA91A292AC40B0800AA4F42 /* ProductService.swift */,
			);
			path = Service;
			sourceTree = "<group>";
		};
		ECA91A2B2AC4110000AA4F42 /* Core */ = {
			isa = PBXGroup;
			children = (
				EC080A2F2AC6B7E900C8D7EE /* HomeScreen */,
				EC080A2E2AC6B7E300C8D7EE /* CardScreen */,
				ECA91A2C2AC4111C00AA4F42 /* Components */,
			);
			path = Core;
			sourceTree = "<group>";
		};
		ECA91A2C2AC4111C00AA4F42 /* Components */ = {
			isa = PBXGroup;
			children = (
				ECA91A452AC58DB200AA4F42 /* Views */,
				ECA91A392AC426EB00AA4F42 /* ImageView */,
				ECA91A2D2AC4112500AA4F42 /* TabBar */,
				ECA91A302AC411BA00AA4F42 /* ViewController */,
				ECA91A362AC413DA00AA4F42 /* Cells */,
			);
			path = Components;
			sourceTree = "<group>";
		};
		ECA91A2D2AC4112500AA4F42 /* TabBar */ = {
			isa = PBXGroup;
			children = (
				ECA91A2E2AC4114C00AA4F42 /* TabBarController.swift */,
			);
			path = TabBar;
			sourceTree = "<group>";
		};
		ECA91A302AC411BA00AA4F42 /* ViewController */ = {
			isa = PBXGroup;
			children = (
				ECA91A312AC411D000AA4F42 /* DataLoadingVC.swift */,
				EC080A392AC70F9C00C8D7EE /* Products */,
			);
			path = ViewController;
			sourceTree = "<group>";
		};
		ECA91A362AC413DA00AA4F42 /* Cells */ = {
			isa = PBXGroup;
			children = (
				ECA91A372AC413EB00AA4F42 /* CategoryCell.swift */,
				ECA91A3E2AC442A500AA4F42 /* ProductCell.swift */,
				ECA91A432AC4C28000AA4F42 /* CardCell.swift */,
			);
			path = Cells;
			sourceTree = "<group>";
		};
		ECA91A392AC426EB00AA4F42 /* ImageView */ = {
			isa = PBXGroup;
			children = (
				ECA91A3A2AC4271300AA4F42 /* FCImageView.swift */,
			);
			path = ImageView;
			sourceTree = "<group>";
		};
		ECA91A452AC58DB200AA4F42 /* Views */ = {
			isa = PBXGroup;
			children = (
				ECA91A462AC58DBF00AA4F42 /* CategoriesView.swift */,
				ECA91A482AC5A43200AA4F42 /* AttributeView.swift */,
				ECA91A4A2AC5A44F00AA4F42 /* AddCardView.swift */,
				ECA91A4C2AC5A46700AA4F42 /* EmptyStateView.swift */,
				ECA91A4E2AC5A48D00AA4F42 /* CardConfirmView.swift */,
			);
			path = Views;
			sourceTree = "<group>";
		};
/* End PBXGroup section */

/* Begin PBXNativeTarget section */
		ECA919FA2AC3375500AA4F42 /* FoodApp */ = {
			isa = PBXNativeTarget;
			buildConfigurationList = ECA91A0F2AC3375700AA4F42 /* Build configuration list for PBXNativeTarget "FoodApp" */;
			buildPhases = (
				ECA919F72AC3375500AA4F42 /* Sources */,
				ECA919F82AC3375500AA4F42 /* Frameworks */,
				ECA919F92AC3375500AA4F42 /* Resources */,
			);
			buildRules = (
			);
			dependencies = (
			);
			name = FoodApp;
			packageProductDependencies = (
				EC080A372AC6D24900C8D7EE /* SnapKit */,
			);
			productName = FoodApp;
			productReference = ECA919FB2AC3375500AA4F42 /* FoodApp.app */;
			productType = "com.apple.product-type.application";
		};
/* End PBXNativeTarget section */

/* Begin PBXProject section */
		ECA919F32AC3375500AA4F42 /* Project object */ = {
			isa = PBXProject;
			attributes = {
				BuildIndependentTargetsInParallel = 1;
				LastSwiftUpdateCheck = 1410;
				LastUpgradeCheck = 1410;
				TargetAttributes = {
					ECA919FA2AC3375500AA4F42 = {
						CreatedOnToolsVersion = 14.1;
					};
				};
			};
			buildConfigurationList = ECA919F62AC3375500AA4F42 /* Build configuration list for PBXProject "FoodApp" */;
			compatibilityVersion = "Xcode 14.0";
			developmentRegion = en;
			hasScannedForEncodings = 0;
			knownRegions = (
				en,
				Base,
			);
			mainGroup = ECA919F22AC3375500AA4F42;
			packageReferences = (
				EC080A362AC6D24900C8D7EE /* XCRemoteSwiftPackageReference "SnapKit" */,
			);
			productRefGroup = ECA919FC2AC3375500AA4F42 /* Products */;
			projectDirPath = "";
			projectRoot = "";
			targets = (
				ECA919FA2AC3375500AA4F42 /* FoodApp */,
			);
		};
/* End PBXProject section */

/* Begin PBXResourcesBuildPhase section */
		ECA919F92AC3375500AA4F42 /* Resources */ = {
			isa = PBXResourcesBuildPhase;
			buildActionMask = 2147483647;
			files = (
				ECA91A0B2AC3375700AA4F42 /* LaunchScreen.storyboard in Resources */,
				ECA91A082AC3375700AA4F42 /* Assets.xcassets in Resources */,
			);
			runOnlyForDeploymentPostprocessing = 0;
		};
/* End PBXResourcesBuildPhase section */

/* Begin PBXSourcesBuildPhase section */
		ECA919F72AC3375500AA4F42 /* Sources */ = {
			isa = PBXSourcesBuildPhase;
			buildActionMask = 2147483647;
			files = (
				ECA919FF2AC3375500AA4F42 /* AppDelegate.swift in Sources */,
				EC080A3F2AC75FF600C8D7EE /* ProductDetailVC.swift in Sources */,
				ECA91A2F2AC4114C00AA4F42 /* TabBarController.swift in Sources */,
				ECA91A4D2AC5A46700AA4F42 /* EmptyStateView.swift in Sources */,
				ECA91A212AC3706100AA4F42 /* CustomError.swift in Sources */,
				EC080A3B2AC70FFD00C8D7EE /* ProductsVC.swift in Sources */,
				ECA91A3D2AC427E000AA4F42 /* CacheManager.swift in Sources */,
				ECA91A3B2AC4271300AA4F42 /* FCImageView.swift in Sources */,
				ECA91A322AC411D000AA4F42 /* DataLoadingVC.swift in Sources */,
				ECA91A4B2AC5A44F00AA4F42 /* AddCardView.swift in Sources */,
				ECA91A152AC36C3C00AA4F42 /* UILabel+Ext.swift in Sources */,
				ECA91A492AC5A43200AA4F42 /* AttributeView.swift in Sources */,
				ECA91A282AC4062100AA4F42 /* CategoryService.swift in Sources */,
				EC080A312AC6B80800C8D7EE /* HomeScreen.swift in Sources */,
				ECA91A472AC58DBF00AA4F42 /* CategoriesView.swift in Sources */,
				EC080A352AC6B82C00C8D7EE /* Observable.swift in Sources */,
				ECA91A252AC3717300AA4F42 /* UIHelper.swift in Sources */,
				ECA91A2A2AC40B0800AA4F42 /* ProductService.swift in Sources */,
				ECA91A442AC4C28000AA4F42 /* CardCell.swift in Sources */,
				ECA91A172AC36D2C00AA4F42 /* String+Ext.swift in Sources */,
				ECA91A1F2AC36F8100AA4F42 /* NetworkManager.swift in Sources */,
				ECA91A232AC3713600AA4F42 /* APIUrls.swift in Sources */,
				ECA91A012AC3375500AA4F42 /* SceneDelegate.swift in Sources */,
				EC080A3D2AC7101400C8D7EE /* ProductsViewModel.swift in Sources */,
				ECA91A4F2AC5A48D00AA4F42 /* CardConfirmView.swift in Sources */,
				EC080A332AC6B80F00C8D7EE /* HomeViewModel.swift in Sources */,
				ECA91A1A2AC36E2A00AA4F42 /* Category.swift in Sources */,
				ECA91A3F2AC442A500AA4F42 /* ProductCell.swift in Sources */,
				ECA91A1C2AC36E8800AA4F42 /* Product.swift in Sources */,
				ECA91A382AC413EB00AA4F42 /* CategoryCell.swift in Sources */,
			);
			runOnlyForDeploymentPostprocessing = 0;
		};
/* End PBXSourcesBuildPhase section */

/* Begin PBXVariantGroup section */
		ECA91A092AC3375700AA4F42 /* LaunchScreen.storyboard */ = {
			isa = PBXVariantGroup;
			children = (
				ECA91A0A2AC3375700AA4F42 /* Base */,
			);
			name = LaunchScreen.storyboard;
			sourceTree = "<group>";
		};
/* End PBXVariantGroup section */

/* Begin XCBuildConfiguration section */
		ECA91A0D2AC3375700AA4F42 /* Debug */ = {
			isa = XCBuildConfiguration;
			buildSettings = {
				ALWAYS_SEARCH_USER_PATHS = NO;
				CLANG_ANALYZER_NONNULL = YES;
				CLANG_ANALYZER_NUMBER_OBJECT_CONVERSION = YES_AGGRESSIVE;
				CLANG_CXX_LANGUAGE_STANDARD = "gnu++20";
				CLANG_ENABLE_MODULES = YES;
				CLANG_ENABLE_OBJC_ARC = YES;
				CLANG_ENABLE_OBJC_WEAK = YES;
				CLANG_WARN_BLOCK_CAPTURE_AUTORELEASING = YES;
				CLANG_WARN_BOOL_CONVERSION = YES;
				CLANG_WARN_COMMA = YES;
				CLANG_WARN_CONSTANT_CONVERSION = YES;
				CLANG_WARN_DEPRECATED_OBJC_IMPLEMENTATIONS = YES;
				CLANG_WARN_DIRECT_OBJC_ISA_USAGE = YES_ERROR;
				CLANG_WARN_DOCUMENTATION_COMMENTS = YES;
				CLANG_WARN_EMPTY_BODY = YES;
				CLANG_WARN_ENUM_CONVERSION = YES;
				CLANG_WARN_INFINITE_RECURSION = YES;
				CLANG_WARN_INT_CONVERSION = YES;
				CLANG_WARN_NON_LITERAL_NULL_CONVERSION = YES;
				CLANG_WARN_OBJC_IMPLICIT_RETAIN_SELF = YES;
				CLANG_WARN_OBJC_LITERAL_CONVERSION = YES;
				CLANG_WARN_OBJC_ROOT_CLASS = YES_ERROR;
				CLANG_WARN_QUOTED_INCLUDE_IN_FRAMEWORK_HEADER = YES;
				CLANG_WARN_RANGE_LOOP_ANALYSIS = YES;
				CLANG_WARN_STRICT_PROTOTYPES = YES;
				CLANG_WARN_SUSPICIOUS_MOVE = YES;
				CLANG_WARN_UNGUARDED_AVAILABILITY = YES_AGGRESSIVE;
				CLANG_WARN_UNREACHABLE_CODE = YES;
				CLANG_WARN__DUPLICATE_METHOD_MATCH = YES;
				COPY_PHASE_STRIP = NO;
				DEBUG_INFORMATION_FORMAT = dwarf;
				ENABLE_STRICT_OBJC_MSGSEND = YES;
				ENABLE_TESTABILITY = YES;
				GCC_C_LANGUAGE_STANDARD = gnu11;
				GCC_DYNAMIC_NO_PIC = NO;
				GCC_NO_COMMON_BLOCKS = YES;
				GCC_OPTIMIZATION_LEVEL = 0;
				GCC_PREPROCESSOR_DEFINITIONS = (
					"DEBUG=1",
					"$(inherited)",
				);
				GCC_WARN_64_TO_32_BIT_CONVERSION = YES;
				GCC_WARN_ABOUT_RETURN_TYPE = YES_ERROR;
				GCC_WARN_UNDECLARED_SELECTOR = YES;
				GCC_WARN_UNINITIALIZED_AUTOS = YES_AGGRESSIVE;
				GCC_WARN_UNUSED_FUNCTION = YES;
				GCC_WARN_UNUSED_VARIABLE = YES;
				IPHONEOS_DEPLOYMENT_TARGET = 16.1;
				MTL_ENABLE_DEBUG_INFO = INCLUDE_SOURCE;
				MTL_FAST_MATH = YES;
				ONLY_ACTIVE_ARCH = YES;
				SDKROOT = iphoneos;
				SWIFT_ACTIVE_COMPILATION_CONDITIONS = DEBUG;
				SWIFT_OPTIMIZATION_LEVEL = "-Onone";
			};
			name = Debug;
		};
		ECA91A0E2AC3375700AA4F42 /* Release */ = {
			isa = XCBuildConfiguration;
			buildSettings = {
				ALWAYS_SEARCH_USER_PATHS = NO;
				CLANG_ANALYZER_NONNULL = YES;
				CLANG_ANALYZER_NUMBER_OBJECT_CONVERSION = YES_AGGRESSIVE;
				CLANG_CXX_LANGUAGE_STANDARD = "gnu++20";
				CLANG_ENABLE_MODULES = YES;
				CLANG_ENABLE_OBJC_ARC = YES;
				CLANG_ENABLE_OBJC_WEAK = YES;
				CLANG_WARN_BLOCK_CAPTURE_AUTORELEASING = YES;
				CLANG_WARN_BOOL_CONVERSION = YES;
				CLANG_WARN_COMMA = YES;
				CLANG_WARN_CONSTANT_CONVERSION = YES;
				CLANG_WARN_DEPRECATED_OBJC_IMPLEMENTATIONS = YES;
				CLANG_WARN_DIRECT_OBJC_ISA_USAGE = YES_ERROR;
				CLANG_WARN_DOCUMENTATION_COMMENTS = YES;
				CLANG_WARN_EMPTY_BODY = YES;
				CLANG_WARN_ENUM_CONVERSION = YES;
				CLANG_WARN_INFINITE_RECURSION = YES;
				CLANG_WARN_INT_CONVERSION = YES;
				CLANG_WARN_NON_LITERAL_NULL_CONVERSION = YES;
				CLANG_WARN_OBJC_IMPLICIT_RETAIN_SELF = YES;
				CLANG_WARN_OBJC_LITERAL_CONVERSION = YES;
				CLANG_WARN_OBJC_ROOT_CLASS = YES_ERROR;
				CLANG_WARN_QUOTED_INCLUDE_IN_FRAMEWORK_HEADER = YES;
				CLANG_WARN_RANGE_LOOP_ANALYSIS = YES;
				CLANG_WARN_STRICT_PROTOTYPES = YES;
				CLANG_WARN_SUSPICIOUS_MOVE = YES;
				CLANG_WARN_UNGUARDED_AVAILABILITY = YES_AGGRESSIVE;
				CLANG_WARN_UNREACHABLE_CODE = YES;
				CLANG_WARN__DUPLICATE_METHOD_MATCH = YES;
				COPY_PHASE_STRIP = NO;
				DEBUG_INFORMATION_FORMAT = "dwarf-with-dsym";
				ENABLE_NS_ASSERTIONS = NO;
				ENABLE_STRICT_OBJC_MSGSEND = YES;
				GCC_C_LANGUAGE_STANDARD = gnu11;
				GCC_NO_COMMON_BLOCKS = YES;
				GCC_WARN_64_TO_32_BIT_CONVERSION = YES;
				GCC_WARN_ABOUT_RETURN_TYPE = YES_ERROR;
				GCC_WARN_UNDECLARED_SELECTOR = YES;
				GCC_WARN_UNINITIALIZED_AUTOS = YES_AGGRESSIVE;
				GCC_WARN_UNUSED_FUNCTION = YES;
				GCC_WARN_UNUSED_VARIABLE = YES;
				IPHONEOS_DEPLOYMENT_TARGET = 16.1;
				MTL_ENABLE_DEBUG_INFO = NO;
				MTL_FAST_MATH = YES;
				SDKROOT = iphoneos;
				SWIFT_COMPILATION_MODE = wholemodule;
				SWIFT_OPTIMIZATION_LEVEL = "-O";
				VALIDATE_PRODUCT = YES;
			};
			name = Release;
		};
		ECA91A102AC3375700AA4F42 /* Debug */ = {
			isa = XCBuildConfiguration;
			buildSettings = {
				ASSETCATALOG_COMPILER_APPICON_NAME = AppIcon;
				ASSETCATALOG_COMPILER_GLOBAL_ACCENT_COLOR_NAME = AccentColor;
				CODE_SIGN_STYLE = Automatic;
				CURRENT_PROJECT_VERSION = 1;
				DEVELOPMENT_TEAM = 3KRQW7JR73;
				GENERATE_INFOPLIST_FILE = YES;
				INFOPLIST_FILE = FoodApp/Support/Info.plist;
				INFOPLIST_KEY_UIApplicationSupportsIndirectInputEvents = YES;
				INFOPLIST_KEY_UILaunchStoryboardName = LaunchScreen;
				INFOPLIST_KEY_UISupportedInterfaceOrientations_iPad = "UIInterfaceOrientationPortrait UIInterfaceOrientationPortraitUpsideDown UIInterfaceOrientationLandscapeLeft UIInterfaceOrientationLandscapeRight";
				INFOPLIST_KEY_UISupportedInterfaceOrientations_iPhone = "UIInterfaceOrientationPortrait UIInterfaceOrientationLandscapeLeft UIInterfaceOrientationLandscapeRight";
				LD_RUNPATH_SEARCH_PATHS = (
					"$(inherited)",
					"@executable_path/Frameworks",
				);
				MARKETING_VERSION = 1.0;
				PRODUCT_BUNDLE_IDENTIFIER = enes.FoodApp;
				PRODUCT_NAME = "$(TARGET_NAME)";
				SUPPORTED_PLATFORMS = "iphoneos iphonesimulator";
				SUPPORTS_MACCATALYST = NO;
				SUPPORTS_MAC_DESIGNED_FOR_IPHONE_IPAD = NO;
				SWIFT_EMIT_LOC_STRINGS = YES;
				SWIFT_VERSION = 5.0;
				TARGETED_DEVICE_FAMILY = "1,2";
			};
			name = Debug;
		};
		ECA91A112AC3375700AA4F42 /* Release */ = {
			isa = XCBuildConfiguration;
			buildSettings = {
				ASSETCATALOG_COMPILER_APPICON_NAME = AppIcon;
				ASSETCATALOG_COMPILER_GLOBAL_ACCENT_COLOR_NAME = AccentColor;
				CODE_SIGN_STYLE = Automatic;
				CURRENT_PROJECT_VERSION = 1;
				DEVELOPMENT_TEAM = 3KRQW7JR73;
				GENERATE_INFOPLIST_FILE = YES;
				INFOPLIST_FILE = FoodApp/Support/Info.plist;
				INFOPLIST_KEY_UIApplicationSupportsIndirectInputEvents = YES;
				INFOPLIST_KEY_UILaunchStoryboardName = LaunchScreen;
				INFOPLIST_KEY_UISupportedInterfaceOrientations_iPad = "UIInterfaceOrientationPortrait UIInterfaceOrientationPortraitUpsideDown UIInterfaceOrientationLandscapeLeft UIInterfaceOrientationLandscapeRight";
				INFOPLIST_KEY_UISupportedInterfaceOrientations_iPhone = "UIInterfaceOrientationPortrait UIInterfaceOrientationLandscapeLeft UIInterfaceOrientationLandscapeRight";
				LD_RUNPATH_SEARCH_PATHS = (
					"$(inherited)",
					"@executable_path/Frameworks",
				);
				MARKETING_VERSION = 1.0;
				PRODUCT_BUNDLE_IDENTIFIER = enes.FoodApp;
				PRODUCT_NAME = "$(TARGET_NAME)";
				SUPPORTED_PLATFORMS = "iphoneos iphonesimulator";
				SUPPORTS_MACCATALYST = NO;
				SUPPORTS_MAC_DESIGNED_FOR_IPHONE_IPAD = NO;
				SWIFT_EMIT_LOC_STRINGS = YES;
				SWIFT_VERSION = 5.0;
				TARGETED_DEVICE_FAMILY = "1,2";
			};
			name = Release;
		};
/* End XCBuildConfiguration section */

/* Begin XCConfigurationList section */
		ECA919F62AC3375500AA4F42 /* Build configuration list for PBXProject "FoodApp" */ = {
			isa = XCConfigurationList;
			buildConfigurations = (
				ECA91A0D2AC3375700AA4F42 /* Debug */,
				ECA91A0E2AC3375700AA4F42 /* Release */,
			);
			defaultConfigurationIsVisible = 0;
			defaultConfigurationName = Release;
		};
		ECA91A0F2AC3375700AA4F42 /* Build configuration list for PBXNativeTarget "FoodApp" */ = {
			isa = XCConfigurationList;
			buildConfigurations = (
				ECA91A102AC3375700AA4F42 /* Debug */,
				ECA91A112AC3375700AA4F42 /* Release */,
			);
			defaultConfigurationIsVisible = 0;
			defaultConfigurationName = Release;
		};
/* End XCConfigurationList section */

/* Begin XCRemoteSwiftPackageReference section */
		EC080A362AC6D24900C8D7EE /* XCRemoteSwiftPackageReference "SnapKit" */ = {
			isa = XCRemoteSwiftPackageReference;
			repositoryURL = "https://github.com/SnapKit/SnapKit.git";
			requirement = {
				kind = upToNextMinorVersion;
				minimumVersion = 5.6.0;
			};
		};
/* End XCRemoteSwiftPackageReference section */

/* Begin XCSwiftPackageProductDependency section */
		EC080A372AC6D24900C8D7EE /* SnapKit */ = {
			isa = XCSwiftPackageProductDependency;
			package = EC080A362AC6D24900C8D7EE /* XCRemoteSwiftPackageReference "SnapKit" */;
			productName = SnapKit;
		};
/* End XCSwiftPackageProductDependency section */
	};
	rootObject = ECA919F32AC3375500AA4F42 /* Project object */;
}
